
Microsoft Visual Studio Solution File, Format Version 12.00
# Visual Studio 14
VisualStudioVersion = 14.0.23107.0
MinimumVisualStudioVersion = 10.0.40219.1
Project("{FAE04EC0-301F-11D3-BF4B-00C04F79EFBC}") = "Server", "Server\Server.csproj", "{C49B904B-1652-4133-AC73-B9EECF3F5231}"
EndProject
Project("{FAE04EC0-301F-11D3-BF4B-00C04F79EFBC}") = "log4net", "log4net\log4net.csproj", "{181FE707-E161-4722-9F38-6AAAB6FAA106}"
EndProject
Project("{FAE04EC0-301F-11D3-BF4B-00C04F79EFBC}") = "LibCommon", "LibCommon\LibCommon.csproj", "{D1F06304-43EE-4083-8C60-7F624CFD4FCB}"
EndProject
Project("{FAE04EC0-301F-11D3-BF4B-00C04F79EFBC}") = "protobuf-net", "protobuf-net\protobuf-net.csproj", "{8374E4D7-2A91-48F1-9360-09B09CF27C3F}"
EndProject
Project("{FAE04EC0-301F-11D3-BF4B-00C04F79EFBC}") = "proto-msg", "proto-msg\proto-msg.csproj", "{68E1FDFB-0B07-4218-A1A7-882E0F13C04C}"
EndProject
Project("{FAE04EC0-301F-11D3-BF4B-00C04F79EFBC}") = "LibNetServer", "LibNetServer\LibNetServer.csproj", "{7E635C34-602E-4CBF-B358-D98B6A57DCAF}"
EndProject
Project("{FAE04EC0-301F-11D3-BF4B-00C04F79EFBC}") = "ServiceStack.Redis", "ServiceStack.Redis\ServiceStack.Redis.csproj", "{AF99F19B-4C04-4F58-81EF-B092F1FCC540}"
EndProject
Project("{FAE04EC0-301F-11D3-BF4B-00C04F79EFBC}") = "Luna3D", "Luna3D\Luna3D.csproj", "{2B8FA8B5-EA5B-48AD-B2EE-54F237A3AEEF}"
EndProject
Project("{FAE04EC0-301F-11D3-BF4B-00C04F79EFBC}") = "LunaNav", "LunaNav\LunaNav.csproj", "{17C48C7E-94A7-4E5C-80BC-385B4DEC5674}"
EndProject
Global
	GlobalSection(SolutionConfigurationPlatforms) = preSolution
		CoreOnly|Any CPU = CoreOnly|Any CPU
		CoreOnly|x86 = CoreOnly|x86
		Debug|Any CPU = Debug|Any CPU
		Debug|x86 = Debug|x86
		iOS|Any CPU = iOS|Any CPU
		iOS|x86 = iOS|x86
		MonoTouch|Any CPU = MonoTouch|Any CPU
		MonoTouch|x86 = MonoTouch|x86
		Net20|Any CPU = Net20|Any CPU
		Net20|x86 = Net20|x86
		Profile|Any CPU = Profile|Any CPU
		Profile|x86 = Profile|x86
		Release|Any CPU = Release|Any CPU
		Release|x86 = Release|x86
		Signed|Any CPU = Signed|Any CPU
		Signed|x86 = Signed|x86
		Silverlight2|Any CPU = Silverlight2|Any CPU
		Silverlight2|x86 = Silverlight2|x86
		STATIC_ONLY NO_EXPRESSIONS|Any CPU = STATIC_ONLY NO_EXPRESSIONS|Any CPU
		STATIC_ONLY NO_EXPRESSIONS|x86 = STATIC_ONLY NO_EXPRESSIONS|x86
		Unity|Any CPU = Unity|Any CPU
		Unity|x86 = Unity|x86
	EndGlobalSection
	GlobalSection(ProjectConfigurationPlatforms) = postSolution
		{C49B904B-1652-4133-AC73-B9EECF3F5231}.CoreOnly|Any CPU.ActiveCfg = Release|Any CPU
		{C49B904B-1652-4133-AC73-B9EECF3F5231}.CoreOnly|Any CPU.Build.0 = Release|Any CPU
		{C49B904B-1652-4133-AC73-B9EECF3F5231}.CoreOnly|x86.ActiveCfg = Debug|Any CPU
		{C49B904B-1652-4133-AC73-B9EECF3F5231}.CoreOnly|x86.Build.0 = Debug|Any CPU
		{C49B904B-1652-4133-AC73-B9EECF3F5231}.Debug|Any CPU.ActiveCfg = Debug|Any CPU
		{C49B904B-1652-4133-AC73-B9EECF3F5231}.Debug|Any CPU.Build.0 = Debug|Any CPU
		{C49B904B-1652-4133-AC73-B9EECF3F5231}.Debug|x86.ActiveCfg = Debug|Any CPU
		{C49B904B-1652-4133-AC73-B9EECF3F5231}.Debug|x86.Build.0 = Debug|Any CPU
		{C49B904B-1652-4133-AC73-B9EECF3F5231}.iOS|Any CPU.ActiveCfg = Release|Any CPU
		{C49B904B-1652-4133-AC73-B9EECF3F5231}.iOS|Any CPU.Build.0 = Release|Any CPU
		{C49B904B-1652-4133-AC73-B9EECF3F5231}.iOS|x86.ActiveCfg = Debug|Any CPU
		{C49B904B-1652-4133-AC73-B9EECF3F5231}.iOS|x86.Build.0 = Debug|Any CPU
		{C49B904B-1652-4133-AC73-B9EECF3F5231}.MonoTouch|Any CPU.ActiveCfg = Debug|Any CPU
		{C49B904B-1652-4133-AC73-B9EECF3F5231}.MonoTouch|Any CPU.Build.0 = Debug|Any CPU
		{C49B904B-1652-4133-AC73-B9EECF3F5231}.MonoTouch|x86.ActiveCfg = Debug|Any CPU
		{C49B904B-1652-4133-AC73-B9EECF3F5231}.MonoTouch|x86.Build.0 = Debug|Any CPU
		{C49B904B-1652-4133-AC73-B9EECF3F5231}.Net20|Any CPU.ActiveCfg = Release|Any CPU
		{C49B904B-1652-4133-AC73-B9EECF3F5231}.Net20|Any CPU.Build.0 = Release|Any CPU
		{C49B904B-1652-4133-AC73-B9EECF3F5231}.Net20|x86.ActiveCfg = Debug|Any CPU
		{C49B904B-1652-4133-AC73-B9EECF3F5231}.Net20|x86.Build.0 = Debug|Any CPU
		{C49B904B-1652-4133-AC73-B9EECF3F5231}.Profile|Any CPU.ActiveCfg = Release|Any CPU
		{C49B904B-1652-4133-AC73-B9EECF3F5231}.Profile|Any CPU.Build.0 = Release|Any CPU
		{C49B904B-1652-4133-AC73-B9EECF3F5231}.Profile|x86.ActiveCfg = Debug|Any CPU
		{C49B904B-1652-4133-AC73-B9EECF3F5231}.Profile|x86.Build.0 = Debug|Any CPU
		{C49B904B-1652-4133-AC73-B9EECF3F5231}.Release|Any CPU.ActiveCfg = Release|Any CPU
		{C49B904B-1652-4133-AC73-B9EECF3F5231}.Release|Any CPU.Build.0 = Release|Any CPU
		{C49B904B-1652-4133-AC73-B9EECF3F5231}.Release|x86.ActiveCfg = Release|Any CPU
		{C49B904B-1652-4133-AC73-B9EECF3F5231}.Release|x86.Build.0 = Release|Any CPU
		{C49B904B-1652-4133-AC73-B9EECF3F5231}.Signed|Any CPU.ActiveCfg = Debug|Any CPU
		{C49B904B-1652-4133-AC73-B9EECF3F5231}.Signed|Any CPU.Build.0 = Debug|Any CPU
		{C49B904B-1652-4133-AC73-B9EECF3F5231}.Signed|x86.ActiveCfg = Debug|Any CPU
		{C49B904B-1652-4133-AC73-B9EECF3F5231}.Signed|x86.Build.0 = Debug|Any CPU
		{C49B904B-1652-4133-AC73-B9EECF3F5231}.Silverlight2|Any CPU.ActiveCfg = Release|Any CPU
		{C49B904B-1652-4133-AC73-B9EECF3F5231}.Silverlight2|Any CPU.Build.0 = Release|Any CPU
		{C49B904B-1652-4133-AC73-B9EECF3F5231}.Silverlight2|x86.ActiveCfg = Debug|Any CPU
		{C49B904B-1652-4133-AC73-B9EECF3F5231}.Silverlight2|x86.Build.0 = Debug|Any CPU
		{C49B904B-1652-4133-AC73-B9EECF3F5231}.STATIC_ONLY NO_EXPRESSIONS|Any CPU.ActiveCfg = Debug|Any CPU
		{C49B904B-1652-4133-AC73-B9EECF3F5231}.STATIC_ONLY NO_EXPRESSIONS|Any CPU.Build.0 = Debug|Any CPU
		{C49B904B-1652-4133-AC73-B9EECF3F5231}.STATIC_ONLY NO_EXPRESSIONS|x86.ActiveCfg = Debug|Any CPU
		{C49B904B-1652-4133-AC73-B9EECF3F5231}.STATIC_ONLY NO_EXPRESSIONS|x86.Build.0 = Debug|Any CPU
		{C49B904B-1652-4133-AC73-B9EECF3F5231}.Unity|Any CPU.ActiveCfg = Release|Any CPU
		{C49B904B-1652-4133-AC73-B9EECF3F5231}.Unity|Any CPU.Build.0 = Release|Any CPU
		{C49B904B-1652-4133-AC73-B9EECF3F5231}.Unity|x86.ActiveCfg = Debug|Any CPU
		{C49B904B-1652-4133-AC73-B9EECF3F5231}.Unity|x86.Build.0 = Debug|Any CPU
		{181FE707-E161-4722-9F38-6AAAB6FAA106}.CoreOnly|Any CPU.ActiveCfg = Release|Any CPU
		{181FE707-E161-4722-9F38-6AAAB6FAA106}.CoreOnly|Any CPU.Build.0 = Release|Any CPU
		{181FE707-E161-4722-9F38-6AAAB6FAA106}.CoreOnly|x86.ActiveCfg = Debug|Any CPU
		{181FE707-E161-4722-9F38-6AAAB6FAA106}.CoreOnly|x86.Build.0 = Debug|Any CPU
		{181FE707-E161-4722-9F38-6AAAB6FAA106}.Debug|Any CPU.ActiveCfg = Debug|Any CPU
		{181FE707-E161-4722-9F38-6AAAB6FAA106}.Debug|Any CPU.Build.0 = Debug|Any CPU
		{181FE707-E161-4722-9F38-6AAAB6FAA106}.Debug|x86.ActiveCfg = Debug|Any CPU
		{181FE707-E161-4722-9F38-6AAAB6FAA106}.Debug|x86.Build.0 = Debug|Any CPU
		{181FE707-E161-4722-9F38-6AAAB6FAA106}.iOS|Any CPU.ActiveCfg = Release|Any CPU
		{181FE707-E161-4722-9F38-6AAAB6FAA106}.iOS|Any CPU.Build.0 = Release|Any CPU
		{181FE707-E161-4722-9F38-6AAAB6FAA106}.iOS|x86.ActiveCfg = Debug|Any CPU
		{181FE707-E161-4722-9F38-6AAAB6FAA106}.iOS|x86.Build.0 = Debug|Any CPU
		{181FE707-E161-4722-9F38-6AAAB6FAA106}.MonoTouch|Any CPU.ActiveCfg = Debug|Any CPU
		{181FE707-E161-4722-9F38-6AAAB6FAA106}.MonoTouch|Any CPU.Build.0 = Debug|Any CPU
		{181FE707-E161-4722-9F38-6AAAB6FAA106}.MonoTouch|x86.ActiveCfg = Debug|Any CPU
		{181FE707-E161-4722-9F38-6AAAB6FAA106}.MonoTouch|x86.Build.0 = Debug|Any CPU
		{181FE707-E161-4722-9F38-6AAAB6FAA106}.Net20|Any CPU.ActiveCfg = Release|Any CPU
		{181FE707-E161-4722-9F38-6AAAB6FAA106}.Net20|Any CPU.Build.0 = Release|Any CPU
		{181FE707-E161-4722-9F38-6AAAB6FAA106}.Net20|x86.ActiveCfg = Debug|Any CPU
		{181FE707-E161-4722-9F38-6AAAB6FAA106}.Net20|x86.Build.0 = Debug|Any CPU
		{181FE707-E161-4722-9F38-6AAAB6FAA106}.Profile|Any CPU.ActiveCfg = Release|Any CPU
		{181FE707-E161-4722-9F38-6AAAB6FAA106}.Profile|Any CPU.Build.0 = Release|Any CPU
		{181FE707-E161-4722-9F38-6AAAB6FAA106}.Profile|x86.ActiveCfg = Debug|Any CPU
		{181FE707-E161-4722-9F38-6AAAB6FAA106}.Profile|x86.Build.0 = Debug|Any CPU
		{181FE707-E161-4722-9F38-6AAAB6FAA106}.Release|Any CPU.ActiveCfg = Release|Any CPU
		{181FE707-E161-4722-9F38-6AAAB6FAA106}.Release|Any CPU.Build.0 = Release|Any CPU
		{181FE707-E161-4722-9F38-6AAAB6FAA106}.Release|x86.ActiveCfg = Release|Any CPU
		{181FE707-E161-4722-9F38-6AAAB6FAA106}.Release|x86.Build.0 = Release|Any CPU
		{181FE707-E161-4722-9F38-6AAAB6FAA106}.Signed|Any CPU.ActiveCfg = Debug|Any CPU
		{181FE707-E161-4722-9F38-6AAAB6FAA106}.Signed|Any CPU.Build.0 = Debug|Any CPU
		{181FE707-E161-4722-9F38-6AAAB6FAA106}.Signed|x86.ActiveCfg = Debug|Any CPU
		{181FE707-E161-4722-9F38-6AAAB6FAA106}.Signed|x86.Build.0 = Debug|Any CPU
		{181FE707-E161-4722-9F38-6AAAB6FAA106}.Silverlight2|Any CPU.ActiveCfg = Release|Any CPU
		{181FE707-E161-4722-9F38-6AAAB6FAA106}.Silverlight2|Any CPU.Build.0 = Release|Any CPU
		{181FE707-E161-4722-9F38-6AAAB6FAA106}.Silverlight2|x86.ActiveCfg = Debug|Any CPU
		{181FE707-E161-4722-9F38-6AAAB6FAA106}.Silverlight2|x86.Build.0 = Debug|Any CPU
		{181FE707-E161-4722-9F38-6AAAB6FAA106}.STATIC_ONLY NO_EXPRESSIONS|Any CPU.ActiveCfg = Debug|Any CPU
		{181FE707-E161-4722-9F38-6AAAB6FAA106}.STATIC_ONLY NO_EXPRESSIONS|Any CPU.Build.0 = Debug|Any CPU
		{181FE707-E161-4722-9F38-6AAAB6FAA106}.STATIC_ONLY NO_EXPRESSIONS|x86.ActiveCfg = Debug|Any CPU
		{181FE707-E161-4722-9F38-6AAAB6FAA106}.STATIC_ONLY NO_EXPRESSIONS|x86.Build.0 = Debug|Any CPU
		{181FE707-E161-4722-9F38-6AAAB6FAA106}.Unity|Any CPU.ActiveCfg = Release|Any CPU
		{181FE707-E161-4722-9F38-6AAAB6FAA106}.Unity|Any CPU.Build.0 = Release|Any CPU
		{181FE707-E161-4722-9F38-6AAAB6FAA106}.Unity|x86.ActiveCfg = Debug|Any CPU
		{181FE707-E161-4722-9F38-6AAAB6FAA106}.Unity|x86.Build.0 = Debug|Any CPU
		{D1F06304-43EE-4083-8C60-7F624CFD4FCB}.CoreOnly|Any CPU.ActiveCfg = Release|Any CPU
		{D1F06304-43EE-4083-8C60-7F624CFD4FCB}.CoreOnly|Any CPU.Build.0 = Release|Any CPU
		{D1F06304-43EE-4083-8C60-7F624CFD4FCB}.CoreOnly|x86.ActiveCfg = Debug|Any CPU
		{D1F06304-43EE-4083-8C60-7F624CFD4FCB}.CoreOnly|x86.Build.0 = Debug|Any CPU
		{D1F06304-43EE-4083-8C60-7F624CFD4FCB}.Debug|Any CPU.ActiveCfg = Debug|Any CPU
		{D1F06304-43EE-4083-8C60-7F624CFD4FCB}.Debug|Any CPU.Build.0 = Debug|Any CPU
		{D1F06304-43EE-4083-8C60-7F624CFD4FCB}.Debug|x86.ActiveCfg = Debug|Any CPU
		{D1F06304-43EE-4083-8C60-7F624CFD4FCB}.Debug|x86.Build.0 = Debug|Any CPU
		{D1F06304-43EE-4083-8C60-7F624CFD4FCB}.iOS|Any CPU.ActiveCfg = Release|Any CPU
		{D1F06304-43EE-4083-8C60-7F624CFD4FCB}.iOS|Any CPU.Build.0 = Release|Any CPU
		{D1F06304-43EE-4083-8C60-7F624CFD4FCB}.iOS|x86.ActiveCfg = Debug|Any CPU
		{D1F06304-43EE-4083-8C60-7F624CFD4FCB}.iOS|x86.Build.0 = Debug|Any CPU
		{D1F06304-43EE-4083-8C60-7F624CFD4FCB}.MonoTouch|Any CPU.ActiveCfg = Debug|Any CPU
		{D1F06304-43EE-4083-8C60-7F624CFD4FCB}.MonoTouch|Any CPU.Build.0 = Debug|Any CPU
		{D1F06304-43EE-4083-8C60-7F624CFD4FCB}.MonoTouch|x86.ActiveCfg = Debug|Any CPU
		{D1F06304-43EE-4083-8C60-7F624CFD4FCB}.MonoTouch|x86.Build.0 = Debug|Any CPU
		{D1F06304-43EE-4083-8C60-7F624CFD4FCB}.Net20|Any CPU.ActiveCfg = Release|Any CPU
		{D1F06304-43EE-4083-8C60-7F624CFD4FCB}.Net20|Any CPU.Build.0 = Release|Any CPU
		{D1F06304-43EE-4083-8C60-7F624CFD4FCB}.Net20|x86.ActiveCfg = Debug|Any CPU
		{D1F06304-43EE-4083-8C60-7F624CFD4FCB}.Net20|x86.Build.0 = Debug|Any CPU
		{D1F06304-43EE-4083-8C60-7F624CFD4FCB}.Profile|Any CPU.ActiveCfg = Release|Any CPU
		{D1F06304-43EE-4083-8C60-7F624CFD4FCB}.Profile|Any CPU.Build.0 = Release|Any CPU
		{D1F06304-43EE-4083-8C60-7F624CFD4FCB}.Profile|x86.ActiveCfg = Debug|Any CPU
		{D1F06304-43EE-4083-8C60-7F624CFD4FCB}.Profile|x86.Build.0 = Debug|Any CPU
		{D1F06304-43EE-4083-8C60-7F624CFD4FCB}.Release|Any CPU.ActiveCfg = Release|Any CPU
		{D1F06304-43EE-4083-8C60-7F624CFD4FCB}.Release|Any CPU.Build.0 = Release|Any CPU
		{D1F06304-43EE-4083-8C60-7F624CFD4FCB}.Release|x86.ActiveCfg = Release|Any CPU
		{D1F06304-43EE-4083-8C60-7F624CFD4FCB}.Release|x86.Build.0 = Release|Any CPU
		{D1F06304-43EE-4083-8C60-7F624CFD4FCB}.Signed|Any CPU.ActiveCfg = Debug|Any CPU
		{D1F06304-43EE-4083-8C60-7F624CFD4FCB}.Signed|Any CPU.Build.0 = Debug|Any CPU
		{D1F06304-43EE-4083-8C60-7F624CFD4FCB}.Signed|x86.ActiveCfg = Debug|Any CPU
		{D1F06304-43EE-4083-8C60-7F624CFD4FCB}.Signed|x86.Build.0 = Debug|Any CPU
		{D1F06304-43EE-4083-8C60-7F624CFD4FCB}.Silverlight2|Any CPU.ActiveCfg = Release|Any CPU
		{D1F06304-43EE-4083-8C60-7F624CFD4FCB}.Silverlight2|Any CPU.Build.0 = Release|Any CPU
		{D1F06304-43EE-4083-8C60-7F624CFD4FCB}.Silverlight2|x86.ActiveCfg = Debug|Any CPU
		{D1F06304-43EE-4083-8C60-7F624CFD4FCB}.Silverlight2|x86.Build.0 = Debug|Any CPU
		{D1F06304-43EE-4083-8C60-7F624CFD4FCB}.STATIC_ONLY NO_EXPRESSIONS|Any CPU.ActiveCfg = Debug|Any CPU
		{D1F06304-43EE-4083-8C60-7F624CFD4FCB}.STATIC_ONLY NO_EXPRESSIONS|Any CPU.Build.0 = Debug|Any CPU
		{D1F06304-43EE-4083-8C60-7F624CFD4FCB}.STATIC_ONLY NO_EXPRESSIONS|x86.ActiveCfg = Debug|Any CPU
		{D1F06304-43EE-4083-8C60-7F624CFD4FCB}.STATIC_ONLY NO_EXPRESSIONS|x86.Build.0 = Debug|Any CPU
		{D1F06304-43EE-4083-8C60-7F624CFD4FCB}.Unity|Any CPU.ActiveCfg = Release|Any CPU
		{D1F06304-43EE-4083-8C60-7F624CFD4FCB}.Unity|Any CPU.Build.0 = Release|Any CPU
		{D1F06304-43EE-4083-8C60-7F624CFD4FCB}.Unity|x86.ActiveCfg = Debug|Any CPU
		{D1F06304-43EE-4083-8C60-7F624CFD4FCB}.Unity|x86.Build.0 = Debug|Any CPU
		{8374E4D7-2A91-48F1-9360-09B09CF27C3F}.CoreOnly|Any CPU.ActiveCfg = CoreOnly|Any CPU
		{8374E4D7-2A91-48F1-9360-09B09CF27C3F}.CoreOnly|Any CPU.Build.0 = CoreOnly|Any CPU
		{8374E4D7-2A91-48F1-9360-09B09CF27C3F}.CoreOnly|x86.ActiveCfg = CoreOnly|Any CPU
		{8374E4D7-2A91-48F1-9360-09B09CF27C3F}.CoreOnly|x86.Build.0 = CoreOnly|Any CPU
		{8374E4D7-2A91-48F1-9360-09B09CF27C3F}.Debug|Any CPU.ActiveCfg = Debug|Any CPU
		{8374E4D7-2A91-48F1-9360-09B09CF27C3F}.Debug|Any CPU.Build.0 = Debug|Any CPU
		{8374E4D7-2A91-48F1-9360-09B09CF27C3F}.Debug|x86.ActiveCfg = Debug|Any CPU
		{8374E4D7-2A91-48F1-9360-09B09CF27C3F}.Debug|x86.Build.0 = Debug|Any CPU
		{8374E4D7-2A91-48F1-9360-09B09CF27C3F}.iOS|Any CPU.ActiveCfg = iOS|Any CPU
		{8374E4D7-2A91-48F1-9360-09B09CF27C3F}.iOS|Any CPU.Build.0 = iOS|Any CPU
		{8374E4D7-2A91-48F1-9360-09B09CF27C3F}.iOS|x86.ActiveCfg = iOS|Any CPU
		{8374E4D7-2A91-48F1-9360-09B09CF27C3F}.iOS|x86.Build.0 = iOS|Any CPU
		{8374E4D7-2A91-48F1-9360-09B09CF27C3F}.MonoTouch|Any CPU.ActiveCfg = Unity|Any CPU
		{8374E4D7-2A91-48F1-9360-09B09CF27C3F}.MonoTouch|Any CPU.Build.0 = Unity|Any CPU
		{8374E4D7-2A91-48F1-9360-09B09CF27C3F}.MonoTouch|x86.ActiveCfg = Unity|Any CPU
		{8374E4D7-2A91-48F1-9360-09B09CF27C3F}.MonoTouch|x86.Build.0 = Unity|Any CPU
		{8374E4D7-2A91-48F1-9360-09B09CF27C3F}.Net20|Any CPU.ActiveCfg = Net20|Any CPU
		{8374E4D7-2A91-48F1-9360-09B09CF27C3F}.Net20|Any CPU.Build.0 = Net20|Any CPU
		{8374E4D7-2A91-48F1-9360-09B09CF27C3F}.Net20|x86.ActiveCfg = Net20|Any CPU
		{8374E4D7-2A91-48F1-9360-09B09CF27C3F}.Net20|x86.Build.0 = Net20|Any CPU
		{8374E4D7-2A91-48F1-9360-09B09CF27C3F}.Profile|Any CPU.ActiveCfg = Profile|Any CPU
		{8374E4D7-2A91-48F1-9360-09B09CF27C3F}.Profile|Any CPU.Build.0 = Profile|Any CPU
		{8374E4D7-2A91-48F1-9360-09B09CF27C3F}.Profile|x86.ActiveCfg = Profile|Any CPU
		{8374E4D7-2A91-48F1-9360-09B09CF27C3F}.Profile|x86.Build.0 = Profile|Any CPU
		{8374E4D7-2A91-48F1-9360-09B09CF27C3F}.Release|Any CPU.ActiveCfg = Release|Any CPU
		{8374E4D7-2A91-48F1-9360-09B09CF27C3F}.Release|Any CPU.Build.0 = Release|Any CPU
		{8374E4D7-2A91-48F1-9360-09B09CF27C3F}.Release|x86.ActiveCfg = Release|Any CPU
		{8374E4D7-2A91-48F1-9360-09B09CF27C3F}.Release|x86.Build.0 = Release|Any CPU
		{8374E4D7-2A91-48F1-9360-09B09CF27C3F}.Signed|Any CPU.ActiveCfg = Silverlight2|Any CPU
		{8374E4D7-2A91-48F1-9360-09B09CF27C3F}.Signed|Any CPU.Build.0 = Silverlight2|Any CPU
		{8374E4D7-2A91-48F1-9360-09B09CF27C3F}.Signed|x86.ActiveCfg = Silverlight2|Any CPU
		{8374E4D7-2A91-48F1-9360-09B09CF27C3F}.Signed|x86.Build.0 = Silverlight2|Any CPU
		{8374E4D7-2A91-48F1-9360-09B09CF27C3F}.Silverlight2|Any CPU.ActiveCfg = Silverlight2|Any CPU
		{8374E4D7-2A91-48F1-9360-09B09CF27C3F}.Silverlight2|Any CPU.Build.0 = Silverlight2|Any CPU
		{8374E4D7-2A91-48F1-9360-09B09CF27C3F}.Silverlight2|x86.ActiveCfg = Silverlight2|Any CPU
		{8374E4D7-2A91-48F1-9360-09B09CF27C3F}.Silverlight2|x86.Build.0 = Silverlight2|Any CPU
		{8374E4D7-2A91-48F1-9360-09B09CF27C3F}.STATIC_ONLY NO_EXPRESSIONS|Any CPU.ActiveCfg = Silverlight2|Any CPU
		{8374E4D7-2A91-48F1-9360-09B09CF27C3F}.STATIC_ONLY NO_EXPRESSIONS|Any CPU.Build.0 = Silverlight2|Any CPU
		{8374E4D7-2A91-48F1-9360-09B09CF27C3F}.STATIC_ONLY NO_EXPRESSIONS|x86.ActiveCfg = Silverlight2|Any CPU
		{8374E4D7-2A91-48F1-9360-09B09CF27C3F}.STATIC_ONLY NO_EXPRESSIONS|x86.Build.0 = Silverlight2|Any CPU
		{8374E4D7-2A91-48F1-9360-09B09CF27C3F}.Unity|Any CPU.ActiveCfg = Unity|Any CPU
		{8374E4D7-2A91-48F1-9360-09B09CF27C3F}.Unity|Any CPU.Build.0 = Unity|Any CPU
		{8374E4D7-2A91-48F1-9360-09B09CF27C3F}.Unity|x86.ActiveCfg = Unity|Any CPU
		{8374E4D7-2A91-48F1-9360-09B09CF27C3F}.Unity|x86.Build.0 = Unity|Any CPU
		{68E1FDFB-0B07-4218-A1A7-882E0F13C04C}.CoreOnly|Any CPU.ActiveCfg = Release|Any CPU
		{68E1FDFB-0B07-4218-A1A7-882E0F13C04C}.CoreOnly|Any CPU.Build.0 = Release|Any CPU
		{68E1FDFB-0B07-4218-A1A7-882E0F13C04C}.CoreOnly|x86.ActiveCfg = Debug|Any CPU
		{68E1FDFB-0B07-4218-A1A7-882E0F13C04C}.CoreOnly|x86.Build.0 = Debug|Any CPU
		{68E1FDFB-0B07-4218-A1A7-882E0F13C04C}.Debug|Any CPU.ActiveCfg = Debug|Any CPU
		{68E1FDFB-0B07-4218-A1A7-882E0F13C04C}.Debug|Any CPU.Build.0 = Debug|Any CPU
		{68E1FDFB-0B07-4218-A1A7-882E0F13C04C}.Debug|x86.ActiveCfg = Debug|Any CPU
		{68E1FDFB-0B07-4218-A1A7-882E0F13C04C}.Debug|x86.Build.0 = Debug|Any CPU
		{68E1FDFB-0B07-4218-A1A7-882E0F13C04C}.iOS|Any CPU.ActiveCfg = Release|Any CPU
		{68E1FDFB-0B07-4218-A1A7-882E0F13C04C}.iOS|Any CPU.Build.0 = Release|Any CPU
		{68E1FDFB-0B07-4218-A1A7-882E0F13C04C}.iOS|x86.ActiveCfg = Debug|Any CPU
		{68E1FDFB-0B07-4218-A1A7-882E0F13C04C}.iOS|x86.Build.0 = Debug|Any CPU
		{68E1FDFB-0B07-4218-A1A7-882E0F13C04C}.MonoTouch|Any CPU.ActiveCfg = Debug|Any CPU
		{68E1FDFB-0B07-4218-A1A7-882E0F13C04C}.MonoTouch|Any CPU.Build.0 = Debug|Any CPU
		{68E1FDFB-0B07-4218-A1A7-882E0F13C04C}.MonoTouch|x86.ActiveCfg = Debug|Any CPU
		{68E1FDFB-0B07-4218-A1A7-882E0F13C04C}.MonoTouch|x86.Build.0 = Debug|Any CPU
		{68E1FDFB-0B07-4218-A1A7-882E0F13C04C}.Net20|Any CPU.ActiveCfg = Release|Any CPU
		{68E1FDFB-0B07-4218-A1A7-882E0F13C04C}.Net20|Any CPU.Build.0 = Release|Any CPU
		{68E1FDFB-0B07-4218-A1A7-882E0F13C04C}.Net20|x86.ActiveCfg = Debug|Any CPU
		{68E1FDFB-0B07-4218-A1A7-882E0F13C04C}.Net20|x86.Build.0 = Debug|Any CPU
		{68E1FDFB-0B07-4218-A1A7-882E0F13C04C}.Profile|Any CPU.ActiveCfg = Release|Any CPU
		{68E1FDFB-0B07-4218-A1A7-882E0F13C04C}.Profile|Any CPU.Build.0 = Release|Any CPU
		{68E1FDFB-0B07-4218-A1A7-882E0F13C04C}.Profile|x86.ActiveCfg = Debug|Any CPU
		{68E1FDFB-0B07-4218-A1A7-882E0F13C04C}.Profile|x86.Build.0 = Debug|Any CPU
		{68E1FDFB-0B07-4218-A1A7-882E0F13C04C}.Release|Any CPU.ActiveCfg = Release|Any CPU
		{68E1FDFB-0B07-4218-A1A7-882E0F13C04C}.Release|Any CPU.Build.0 = Release|Any CPU
		{68E1FDFB-0B07-4218-A1A7-882E0F13C04C}.Release|x86.ActiveCfg = Release|Any CPU
		{68E1FDFB-0B07-4218-A1A7-882E0F13C04C}.Release|x86.Build.0 = Release|Any CPU
		{68E1FDFB-0B07-4218-A1A7-882E0F13C04C}.Signed|Any CPU.ActiveCfg = Debug|Any CPU
		{68E1FDFB-0B07-4218-A1A7-882E0F13C04C}.Signed|Any CPU.Build.0 = Debug|Any CPU
		{68E1FDFB-0B07-4218-A1A7-882E0F13C04C}.Signed|x86.ActiveCfg = Debug|Any CPU
		{68E1FDFB-0B07-4218-A1A7-882E0F13C04C}.Signed|x86.Build.0 = Debug|Any CPU
		{68E1FDFB-0B07-4218-A1A7-882E0F13C04C}.Silverlight2|Any CPU.ActiveCfg = Release|Any CPU
		{68E1FDFB-0B07-4218-A1A7-882E0F13C04C}.Silverlight2|Any CPU.Build.0 = Release|Any CPU
		{68E1FDFB-0B07-4218-A1A7-882E0F13C04C}.Silverlight2|x86.ActiveCfg = Debug|Any CPU
		{68E1FDFB-0B07-4218-A1A7-882E0F13C04C}.Silverlight2|x86.Build.0 = Debug|Any CPU
		{68E1FDFB-0B07-4218-A1A7-882E0F13C04C}.STATIC_ONLY NO_EXPRESSIONS|Any CPU.ActiveCfg = Debug|Any CPU
		{68E1FDFB-0B07-4218-A1A7-882E0F13C04C}.STATIC_ONLY NO_EXPRESSIONS|Any CPU.Build.0 = Debug|Any CPU
		{68E1FDFB-0B07-4218-A1A7-882E0F13C04C}.STATIC_ONLY NO_EXPRESSIONS|x86.ActiveCfg = Debug|Any CPU
		{68E1FDFB-0B07-4218-A1A7-882E0F13C04C}.STATIC_ONLY NO_EXPRESSIONS|x86.Build.0 = Debug|Any CPU
		{68E1FDFB-0B07-4218-A1A7-882E0F13C04C}.Unity|Any CPU.ActiveCfg = Release|Any CPU
		{68E1FDFB-0B07-4218-A1A7-882E0F13C04C}.Unity|Any CPU.Build.0 = Release|Any CPU
		{68E1FDFB-0B07-4218-A1A7-882E0F13C04C}.Unity|x86.ActiveCfg = Debug|Any CPU
		{68E1FDFB-0B07-4218-A1A7-882E0F13C04C}.Unity|x86.Build.0 = Debug|Any CPU
		{7E635C34-602E-4CBF-B358-D98B6A57DCAF}.CoreOnly|Any CPU.ActiveCfg = Release|Any CPU
		{7E635C34-602E-4CBF-B358-D98B6A57DCAF}.CoreOnly|Any CPU.Build.0 = Release|Any CPU
		{7E635C34-602E-4CBF-B358-D98B6A57DCAF}.CoreOnly|x86.ActiveCfg = Debug|Any CPU
		{7E635C34-602E-4CBF-B358-D98B6A57DCAF}.CoreOnly|x86.Build.0 = Debug|Any CPU
		{7E635C34-602E-4CBF-B358-D98B6A57DCAF}.Debug|Any CPU.ActiveCfg = Debug|Any CPU
		{7E635C34-602E-4CBF-B358-D98B6A57DCAF}.Debug|Any CPU.Build.0 = Debug|Any CPU
		{7E635C34-602E-4CBF-B358-D98B6A57DCAF}.Debug|x86.ActiveCfg = Debug|Any CPU
		{7E635C34-602E-4CBF-B358-D98B6A57DCAF}.Debug|x86.Build.0 = Debug|Any CPU
		{7E635C34-602E-4CBF-B358-D98B6A57DCAF}.iOS|Any CPU.ActiveCfg = Release|Any CPU
		{7E635C34-602E-4CBF-B358-D98B6A57DCAF}.iOS|Any CPU.Build.0 = Release|Any CPU
		{7E635C34-602E-4CBF-B358-D98B6A57DCAF}.iOS|x86.ActiveCfg = Debug|Any CPU
		{7E635C34-602E-4CBF-B358-D98B6A57DCAF}.iOS|x86.Build.0 = Debug|Any CPU
		{7E635C34-602E-4CBF-B358-D98B6A57DCAF}.MonoTouch|Any CPU.ActiveCfg = Debug|Any CPU
		{7E635C34-602E-4CBF-B358-D98B6A57DCAF}.MonoTouch|Any CPU.Build.0 = Debug|Any CPU
		{7E635C34-602E-4CBF-B358-D98B6A57DCAF}.MonoTouch|x86.ActiveCfg = Debug|Any CPU
		{7E635C34-602E-4CBF-B358-D98B6A57DCAF}.MonoTouch|x86.Build.0 = Debug|Any CPU
		{7E635C34-602E-4CBF-B358-D98B6A57DCAF}.Net20|Any CPU.ActiveCfg = Release|Any CPU
		{7E635C34-602E-4CBF-B358-D98B6A57DCAF}.Net20|Any CPU.Build.0 = Release|Any CPU
		{7E635C34-602E-4CBF-B358-D98B6A57DCAF}.Net20|x86.ActiveCfg = Debug|Any CPU
		{7E635C34-602E-4CBF-B358-D98B6A57DCAF}.Net20|x86.Build.0 = Debug|Any CPU
		{7E635C34-602E-4CBF-B358-D98B6A57DCAF}.Profile|Any CPU.ActiveCfg = Release|Any CPU
		{7E635C34-602E-4CBF-B358-D98B6A57DCAF}.Profile|Any CPU.Build.0 = Release|Any CPU
		{7E635C34-602E-4CBF-B358-D98B6A57DCAF}.Profile|x86.ActiveCfg = Debug|Any CPU
		{7E635C34-602E-4CBF-B358-D98B6A57DCAF}.Profile|x86.Build.0 = Debug|Any CPU
		{7E635C34-602E-4CBF-B358-D98B6A57DCAF}.Release|Any CPU.ActiveCfg = Release|Any CPU
		{7E635C34-602E-4CBF-B358-D98B6A57DCAF}.Release|Any CPU.Build.0 = Release|Any CPU
		{7E635C34-602E-4CBF-B358-D98B6A57DCAF}.Release|x86.ActiveCfg = Release|Any CPU
		{7E635C34-602E-4CBF-B358-D98B6A57DCAF}.Release|x86.Build.0 = Release|Any CPU
		{7E635C34-602E-4CBF-B358-D98B6A57DCAF}.Signed|Any CPU.ActiveCfg = Debug|Any CPU
		{7E635C34-602E-4CBF-B358-D98B6A57DCAF}.Signed|Any CPU.Build.0 = Debug|Any CPU
		{7E635C34-602E-4CBF-B358-D98B6A57DCAF}.Signed|x86.ActiveCfg = Debug|Any CPU
		{7E635C34-602E-4CBF-B358-D98B6A57DCAF}.Signed|x86.Build.0 = Debug|Any CPU
		{7E635C34-602E-4CBF-B358-D98B6A57DCAF}.Silverlight2|Any CPU.ActiveCfg = Release|Any CPU
		{7E635C34-602E-4CBF-B358-D98B6A57DCAF}.Silverlight2|Any CPU.Build.0 = Release|Any CPU
		{7E635C34-602E-4CBF-B358-D98B6A57DCAF}.Silverlight2|x86.ActiveCfg = Debug|Any CPU
		{7E635C34-602E-4CBF-B358-D98B6A57DCAF}.Silverlight2|x86.Build.0 = Debug|Any CPU
		{7E635C34-602E-4CBF-B358-D98B6A57DCAF}.STATIC_ONLY NO_EXPRESSIONS|Any CPU.ActiveCfg = Debug|Any CPU
		{7E635C34-602E-4CBF-B358-D98B6A57DCAF}.STATIC_ONLY NO_EXPRESSIONS|Any CPU.Build.0 = Debug|Any CPU
		{7E635C34-602E-4CBF-B358-D98B6A57DCAF}.STATIC_ONLY NO_EXPRESSIONS|x86.ActiveCfg = Debug|Any CPU
		{7E635C34-602E-4CBF-B358-D98B6A57DCAF}.STATIC_ONLY NO_EXPRESSIONS|x86.Build.0 = Debug|Any CPU
		{7E635C34-602E-4CBF-B358-D98B6A57DCAF}.Unity|Any CPU.ActiveCfg = Release|Any CPU
		{7E635C34-602E-4CBF-B358-D98B6A57DCAF}.Unity|Any CPU.Build.0 = Release|Any CPU
		{7E635C34-602E-4CBF-B358-D98B6A57DCAF}.Unity|x86.ActiveCfg = Debug|Any CPU
		{7E635C34-602E-4CBF-B358-D98B6A57DCAF}.Unity|x86.Build.0 = Debug|Any CPU
		{AF99F19B-4C04-4F58-81EF-B092F1FCC540}.CoreOnly|Any CPU.ActiveCfg = STATIC_ONLY NO_EXPRESSIONS|Any CPU
		{AF99F19B-4C04-4F58-81EF-B092F1FCC540}.CoreOnly|Any CPU.Build.0 = STATIC_ONLY NO_EXPRESSIONS|Any CPU
		{AF99F19B-4C04-4F58-81EF-B092F1FCC540}.CoreOnly|x86.ActiveCfg = STATIC_ONLY NO_EXPRESSIONS|x86
		{AF99F19B-4C04-4F58-81EF-B092F1FCC540}.CoreOnly|x86.Build.0 = STATIC_ONLY NO_EXPRESSIONS|x86
		{AF99F19B-4C04-4F58-81EF-B092F1FCC540}.Debug|Any CPU.ActiveCfg = Debug|Any CPU
		{AF99F19B-4C04-4F58-81EF-B092F1FCC540}.Debug|Any CPU.Build.0 = Debug|Any CPU
		{AF99F19B-4C04-4F58-81EF-B092F1FCC540}.Debug|x86.ActiveCfg = Debug|x86
		{AF99F19B-4C04-4F58-81EF-B092F1FCC540}.Debug|x86.Build.0 = Debug|x86
		{AF99F19B-4C04-4F58-81EF-B092F1FCC540}.iOS|Any CPU.ActiveCfg = STATIC_ONLY NO_EXPRESSIONS|Any CPU
		{AF99F19B-4C04-4F58-81EF-B092F1FCC540}.iOS|Any CPU.Build.0 = STATIC_ONLY NO_EXPRESSIONS|Any CPU
		{AF99F19B-4C04-4F58-81EF-B092F1FCC540}.iOS|x86.ActiveCfg = STATIC_ONLY NO_EXPRESSIONS|x86
		{AF99F19B-4C04-4F58-81EF-B092F1FCC540}.iOS|x86.Build.0 = STATIC_ONLY NO_EXPRESSIONS|x86
		{AF99F19B-4C04-4F58-81EF-B092F1FCC540}.MonoTouch|Any CPU.ActiveCfg = MonoTouch|Any CPU
		{AF99F19B-4C04-4F58-81EF-B092F1FCC540}.MonoTouch|Any CPU.Build.0 = MonoTouch|Any CPU
		{AF99F19B-4C04-4F58-81EF-B092F1FCC540}.MonoTouch|x86.ActiveCfg = MonoTouch|x86
		{AF99F19B-4C04-4F58-81EF-B092F1FCC540}.MonoTouch|x86.Build.0 = MonoTouch|x86
		{AF99F19B-4C04-4F58-81EF-B092F1FCC540}.Net20|Any CPU.ActiveCfg = STATIC_ONLY NO_EXPRESSIONS|Any CPU
		{AF99F19B-4C04-4F58-81EF-B092F1FCC540}.Net20|Any CPU.Build.0 = STATIC_ONLY NO_EXPRESSIONS|Any CPU
		{AF99F19B-4C04-4F58-81EF-B092F1FCC540}.Net20|x86.ActiveCfg = STATIC_ONLY NO_EXPRESSIONS|x86
		{AF99F19B-4C04-4F58-81EF-B092F1FCC540}.Net20|x86.Build.0 = STATIC_ONLY NO_EXPRESSIONS|x86
		{AF99F19B-4C04-4F58-81EF-B092F1FCC540}.Profile|Any CPU.ActiveCfg = STATIC_ONLY NO_EXPRESSIONS|Any CPU
		{AF99F19B-4C04-4F58-81EF-B092F1FCC540}.Profile|Any CPU.Build.0 = STATIC_ONLY NO_EXPRESSIONS|Any CPU
		{AF99F19B-4C04-4F58-81EF-B092F1FCC540}.Profile|x86.ActiveCfg = STATIC_ONLY NO_EXPRESSIONS|x86
		{AF99F19B-4C04-4F58-81EF-B092F1FCC540}.Profile|x86.Build.0 = STATIC_ONLY NO_EXPRESSIONS|x86
		{AF99F19B-4C04-4F58-81EF-B092F1FCC540}.Release|Any CPU.ActiveCfg = Release|Any CPU
		{AF99F19B-4C04-4F58-81EF-B092F1FCC540}.Release|Any CPU.Build.0 = Release|Any CPU
		{AF99F19B-4C04-4F58-81EF-B092F1FCC540}.Release|x86.ActiveCfg = Release|x86
		{AF99F19B-4C04-4F58-81EF-B092F1FCC540}.Release|x86.Build.0 = Release|x86
		{AF99F19B-4C04-4F58-81EF-B092F1FCC540}.Signed|Any CPU.ActiveCfg = STATIC_ONLY NO_EXPRESSIONS|Any CPU
		{AF99F19B-4C04-4F58-81EF-B092F1FCC540}.Signed|Any CPU.Build.0 = STATIC_ONLY NO_EXPRESSIONS|Any CPU
		{AF99F19B-4C04-4F58-81EF-B092F1FCC540}.Signed|x86.ActiveCfg = STATIC_ONLY NO_EXPRESSIONS|x86
		{AF99F19B-4C04-4F58-81EF-B092F1FCC540}.Signed|x86.Build.0 = STATIC_ONLY NO_EXPRESSIONS|x86
		{AF99F19B-4C04-4F58-81EF-B092F1FCC540}.Silverlight2|Any CPU.ActiveCfg = STATIC_ONLY NO_EXPRESSIONS|Any CPU
		{AF99F19B-4C04-4F58-81EF-B092F1FCC540}.Silverlight2|Any CPU.Build.0 = STATIC_ONLY NO_EXPRESSIONS|Any CPU
		{AF99F19B-4C04-4F58-81EF-B092F1FCC540}.Silverlight2|x86.ActiveCfg = STATIC_ONLY NO_EXPRESSIONS|x86
		{AF99F19B-4C04-4F58-81EF-B092F1FCC540}.Silverlight2|x86.Build.0 = STATIC_ONLY NO_EXPRESSIONS|x86
		{AF99F19B-4C04-4F58-81EF-B092F1FCC540}.STATIC_ONLY NO_EXPRESSIONS|Any CPU.ActiveCfg = STATIC_ONLY NO_EXPRESSIONS|Any CPU
		{AF99F19B-4C04-4F58-81EF-B092F1FCC540}.STATIC_ONLY NO_EXPRESSIONS|Any CPU.Build.0 = STATIC_ONLY NO_EXPRESSIONS|Any CPU
		{AF99F19B-4C04-4F58-81EF-B092F1FCC540}.STATIC_ONLY NO_EXPRESSIONS|x86.ActiveCfg = STATIC_ONLY NO_EXPRESSIONS|x86
		{AF99F19B-4C04-4F58-81EF-B092F1FCC540}.STATIC_ONLY NO_EXPRESSIONS|x86.Build.0 = STATIC_ONLY NO_EXPRESSIONS|x86
		{AF99F19B-4C04-4F58-81EF-B092F1FCC540}.Unity|Any CPU.ActiveCfg = STATIC_ONLY NO_EXPRESSIONS|Any CPU
		{AF99F19B-4C04-4F58-81EF-B092F1FCC540}.Unity|Any CPU.Build.0 = STATIC_ONLY NO_EXPRESSIONS|Any CPU
		{AF99F19B-4C04-4F58-81EF-B092F1FCC540}.Unity|x86.ActiveCfg = STATIC_ONLY NO_EXPRESSIONS|x86
		{AF99F19B-4C04-4F58-81EF-B092F1FCC540}.Unity|x86.Build.0 = STATIC_ONLY NO_EXPRESSIONS|x86
		{2B8FA8B5-EA5B-48AD-B2EE-54F237A3AEEF}.CoreOnly|Any CPU.ActiveCfg = Release|Any CPU
		{2B8FA8B5-EA5B-48AD-B2EE-54F237A3AEEF}.CoreOnly|Any CPU.Build.0 = Release|Any CPU
		{2B8FA8B5-EA5B-48AD-B2EE-54F237A3AEEF}.CoreOnly|x86.ActiveCfg = Release|Any CPU
		{2B8FA8B5-EA5B-48AD-B2EE-54F237A3AEEF}.CoreOnly|x86.Build.0 = Release|Any CPU
		{2B8FA8B5-EA5B-48AD-B2EE-54F237A3AEEF}.Debug|Any CPU.ActiveCfg = Debug|Any CPU
		{2B8FA8B5-EA5B-48AD-B2EE-54F237A3AEEF}.Debug|Any CPU.Build.0 = Debug|Any CPU
		{2B8FA8B5-EA5B-48AD-B2EE-54F237A3AEEF}.Debug|x86.ActiveCfg = Debug|Any CPU
		{2B8FA8B5-EA5B-48AD-B2EE-54F237A3AEEF}.Debug|x86.Build.0 = Debug|Any CPU
		{2B8FA8B5-EA5B-48AD-B2EE-54F237A3AEEF}.iOS|Any CPU.ActiveCfg = Release|Any CPU
		{2B8FA8B5-EA5B-48AD-B2EE-54F237A3AEEF}.iOS|Any CPU.Build.0 = Release|Any CPU
		{2B8FA8B5-EA5B-48AD-B2EE-54F237A3AEEF}.iOS|x86.ActiveCfg = Release|Any CPU
		{2B8FA8B5-EA5B-48AD-B2EE-54F237A3AEEF}.iOS|x86.Build.0 = Release|Any CPU
		{2B8FA8B5-EA5B-48AD-B2EE-54F237A3AEEF}.MonoTouch|Any CPU.ActiveCfg = Release|Any CPU
		{2B8FA8B5-EA5B-48AD-B2EE-54F237A3AEEF}.MonoTouch|Any CPU.Build.0 = Release|Any CPU
		{2B8FA8B5-EA5B-48AD-B2EE-54F237A3AEEF}.MonoTouch|x86.ActiveCfg = Release|Any CPU
		{2B8FA8B5-EA5B-48AD-B2EE-54F237A3AEEF}.MonoTouch|x86.Build.0 = Release|Any CPU
		{2B8FA8B5-EA5B-48AD-B2EE-54F237A3AEEF}.Net20|Any CPU.ActiveCfg = Release|Any CPU
		{2B8FA8B5-EA5B-48AD-B2EE-54F237A3AEEF}.Net20|Any CPU.Build.0 = Release|Any CPU
		{2B8FA8B5-EA5B-48AD-B2EE-54F237A3AEEF}.Net20|x86.ActiveCfg = Release|Any CPU
		{2B8FA8B5-EA5B-48AD-B2EE-54F237A3AEEF}.Net20|x86.Build.0 = Release|Any CPU
		{2B8FA8B5-EA5B-48AD-B2EE-54F237A3AEEF}.Profile|Any CPU.ActiveCfg = Release|Any CPU
		{2B8FA8B5-EA5B-48AD-B2EE-54F237A3AEEF}.Profile|Any CPU.Build.0 = Release|Any CPU
		{2B8FA8B5-EA5B-48AD-B2EE-54F237A3AEEF}.Profile|x86.ActiveCfg = Release|Any CPU
		{2B8FA8B5-EA5B-48AD-B2EE-54F237A3AEEF}.Profile|x86.Build.0 = Release|Any CPU
		{2B8FA8B5-EA5B-48AD-B2EE-54F237A3AEEF}.Release|Any CPU.ActiveCfg = Release|Any CPU
		{2B8FA8B5-EA5B-48AD-B2EE-54F237A3AEEF}.Release|Any CPU.Build.0 = Release|Any CPU
		{2B8FA8B5-EA5B-48AD-B2EE-54F237A3AEEF}.Release|x86.ActiveCfg = Release|Any CPU
		{2B8FA8B5-EA5B-48AD-B2EE-54F237A3AEEF}.Release|x86.Build.0 = Release|Any CPU
		{2B8FA8B5-EA5B-48AD-B2EE-54F237A3AEEF}.Signed|Any CPU.ActiveCfg = Release|Any CPU
		{2B8FA8B5-EA5B-48AD-B2EE-54F237A3AEEF}.Signed|Any CPU.Build.0 = Release|Any CPU
		{2B8FA8B5-EA5B-48AD-B2EE-54F237A3AEEF}.Signed|x86.ActiveCfg = Release|Any CPU
		{2B8FA8B5-EA5B-48AD-B2EE-54F237A3AEEF}.Signed|x86.Build.0 = Release|Any CPU
		{2B8FA8B5-EA5B-48AD-B2EE-54F237A3AEEF}.Silverlight2|Any CPU.ActiveCfg = Release|Any CPU
		{2B8FA8B5-EA5B-48AD-B2EE-54F237A3AEEF}.Silverlight2|Any CPU.Build.0 = Release|Any CPU
		{2B8FA8B5-EA5B-48AD-B2EE-54F237A3AEEF}.Silverlight2|x86.ActiveCfg = Release|Any CPU
		{2B8FA8B5-EA5B-48AD-B2EE-54F237A3AEEF}.Silverlight2|x86.Build.0 = Release|Any CPU
		{2B8FA8B5-EA5B-48AD-B2EE-54F237A3AEEF}.STATIC_ONLY NO_EXPRESSIONS|Any CPU.ActiveCfg = Release|Any CPU
		{2B8FA8B5-EA5B-48AD-B2EE-54F237A3AEEF}.STATIC_ONLY NO_EXPRESSIONS|Any CPU.Build.0 = Release|Any CPU
		{2B8FA8B5-EA5B-48AD-B2EE-54F237A3AEEF}.STATIC_ONLY NO_EXPRESSIONS|x86.ActiveCfg = Release|Any CPU
		{2B8FA8B5-EA5B-48AD-B2EE-54F237A3AEEF}.STATIC_ONLY NO_EXPRESSIONS|x86.Build.0 = Release|Any CPU
		{2B8FA8B5-EA5B-48AD-B2EE-54F237A3AEEF}.Unity|Any CPU.ActiveCfg = Release|Any CPU
		{2B8FA8B5-EA5B-48AD-B2EE-54F237A3AEEF}.Unity|Any CPU.Build.0 = Release|Any CPU
		{2B8FA8B5-EA5B-48AD-B2EE-54F237A3AEEF}.Unity|x86.ActiveCfg = Release|Any CPU
		{2B8FA8B5-EA5B-48AD-B2EE-54F237A3AEEF}.Unity|x86.Build.0 = Release|Any CPU
		{17C48C7E-94A7-4E5C-80BC-385B4DEC5674}.CoreOnly|Any CPU.ActiveCfg = Release|Any CPU
		{17C48C7E-94A7-4E5C-80BC-385B4DEC5674}.CoreOnly|Any CPU.Build.0 = Release|Any CPU
		{17C48C7E-94A7-4E5C-80BC-385B4DEC5674}.CoreOnly|x86.ActiveCfg = Release|Any CPU
		{17C48C7E-94A7-4E5C-80BC-385B4DEC5674}.CoreOnly|x86.Build.0 = Release|Any CPU
		{17C48C7E-94A7-4E5C-80BC-385B4DEC5674}.Debug|Any CPU.ActiveCfg = Debug|Any CPU
		{17C48C7E-94A7-4E5C-80BC-385B4DEC5674}.Debug|Any CPU.Build.0 = Debug|Any CPU
		{17C48C7E-94A7-4E5C-80BC-385B4DEC5674}.Debug|x86.ActiveCfg = Debug|Any CPU
		{17C48C7E-94A7-4E5C-80BC-385B4DEC5674}.Debug|x86.Build.0 = Debug|Any CPU
		{17C48C7E-94A7-4E5C-80BC-385B4DEC5674}.iOS|Any CPU.ActiveCfg = Release|Any CPU
		{17C48C7E-94A7-4E5C-80BC-385B4DEC5674}.iOS|Any CPU.Build.0 = Release|Any CPU
		{17C48C7E-94A7-4E5C-80BC-385B4DEC5674}.iOS|x86.ActiveCfg = Release|Any CPU
		{17C48C7E-94A7-4E5C-80BC-385B4DEC5674}.iOS|x86.Build.0 = Release|Any CPU
		{17C48C7E-94A7-4E5C-80BC-385B4DEC5674}.MonoTouch|Any CPU.ActiveCfg = Release|Any CPU
		{17C48C7E-94A7-4E5C-80BC-385B4DEC5674}.MonoTouch|Any CPU.Build.0 = Release|Any CPU
		{17C48C7E-94A7-4E5C-80BC-385B4DEC5674}.MonoTouch|x86.ActiveCfg = Release|Any CPU
		{17C48C7E-94A7-4E5C-80BC-385B4DEC5674}.MonoTouch|x86.Build.0 = Release|Any CPU
		{17C48C7E-94A7-4E5C-80BC-385B4DEC5674}.Net20|Any CPU.ActiveCfg = Release|Any CPU
		{17C48C7E-94A7-4E5C-80BC-385B4DEC5674}.Net20|Any CPU.Build.0 = Release|Any CPU
		{17C48C7E-94A7-4E5C-80BC-385B4DEC5674}.Net20|x86.ActiveCfg = Release|Any CPU
		{17C48C7E-94A7-4E5C-80BC-385B4DEC5674}.Net20|x86.Build.0 = Release|Any CPU
		{17C48C7E-94A7-4E5C-80BC-385B4DEC5674}.Profile|Any CPU.ActiveCfg = Release|Any CPU
		{17C48C7E-94A7-4E5C-80BC-385B4DEC5674}.Profile|Any CPU.Build.0 = Release|Any CPU
		{17C48C7E-94A7-4E5C-80BC-385B4DEC5674}.Profile|x86.ActiveCfg = Release|Any CPU
		{17C48C7E-94A7-4E5C-80BC-385B4DEC5674}.Profile|x86.Build.0 = Release|Any CPU
		{17C48C7E-94A7-4E5C-80BC-385B4DEC5674}.Release|Any CPU.ActiveCfg = Release|Any CPU
		{17C48C7E-94A7-4E5C-80BC-385B4DEC5674}.Release|Any CPU.Build.0 = Release|Any CPU
		{17C48C7E-94A7-4E5C-80BC-385B4DEC5674}.Release|x86.ActiveCfg = Release|Any CPU
		{17C48C7E-94A7-4E5C-80BC-385B4DEC5674}.Release|x86.Build.0 = Release|Any CPU
		{17C48C7E-94A7-4E5C-80BC-385B4DEC5674}.Signed|Any CPU.ActiveCfg = Release|Any CPU
		{17C48C7E-94A7-4E5C-80BC-385B4DEC5674}.Signed|Any CPU.Build.0 = Release|Any CPU
		{17C48C7E-94A7-4E5C-80BC-385B4DEC5674}.Signed|x86.ActiveCfg = Release|Any CPU
		{17C48C7E-94A7-4E5C-80BC-385B4DEC5674}.Signed|x86.Build.0 = Release|Any CPU
		{17C48C7E-94A7-4E5C-80BC-385B4DEC5674}.Silverlight2|Any CPU.ActiveCfg = Release|Any CPU
		{17C48C7E-94A7-4E5C-80BC-385B4DEC5674}.Silverlight2|Any CPU.Build.0 = Release|Any CPU
		{17C48C7E-94A7-4E5C-80BC-385B4DEC5674}.Silverlight2|x86.ActiveCfg = Release|Any CPU
		{17C48C7E-94A7-4E5C-80BC-385B4DEC5674}.Silverlight2|x86.Build.0 = Release|Any CPU
		{17C48C7E-94A7-4E5C-80BC-385B4DEC5674}.STATIC_ONLY NO_EXPRESSIONS|Any CPU.ActiveCfg = Release|Any CPU
		{17C48C7E-94A7-4E5C-80BC-385B4DEC5674}.STATIC_ONLY NO_EXPRESSIONS|Any CPU.Build.0 = Release|Any CPU
		{17C48C7E-94A7-4E5C-80BC-385B4DEC5674}.STATIC_ONLY NO_EXPRESSIONS|x86.ActiveCfg = Release|Any CPU
		{17C48C7E-94A7-4E5C-80BC-385B4DEC5674}.STATIC_ONLY NO_EXPRESSIONS|x86.Build.0 = Release|Any CPU
		{17C48C7E-94A7-4E5C-80BC-385B4DEC5674}.Unity|Any CPU.ActiveCfg = Release|Any CPU
		{17C48C7E-94A7-4E5C-80BC-385B4DEC5674}.Unity|Any CPU.Build.0 = Release|Any CPU
		{17C48C7E-94A7-4E5C-80BC-385B4DEC5674}.Unity|x86.ActiveCfg = Release|Any CPU
		{17C48C7E-94A7-4E5C-80BC-385B4DEC5674}.Unity|x86.Build.0 = Release|Any CPU
	EndGlobalSection
	GlobalSection(SolutionProperties) = preSolution
		HideSolutionNode = FALSE
	EndGlobalSection
EndGlobal
